Microsoft Visual Studio Solution File, Format Version 11.00
# Visual Studio 2008

Project("{4CDABF57-FD60-2D59-3992-F922D7DC4D7D}") = "Primer Mundo Unity", "Assembly-CSharp.csproj", "{F651CB5E-BEB9-20DF-7EA7-1D6455C7EBAA}"
EndProject
Project("{4CDABF57-FD60-2D59-3992-F922D7DC4D7D}") = "Primer Mundo Unity", "Assembly-CSharp-Editor.csproj", "{94658515-15D3-12CB-F7FB-404B629B1349}"
EndProject
Global
	GlobalSection(SolutionConfigurationPlatforms) = preSolution
		Debug|Any CPU = Debug|Any CPU
		Release|Any CPU = Release|Any CPU
	EndGlobalSection
	GlobalSection(ProjectConfigurationPlatforms) = postSolution
		{F651CB5E-BEB9-20DF-7EA7-1D6455C7EBAA}.Debug|Any CPU.ActiveCfg = Debug|Any CPU
		{F651CB5E-BEB9-20DF-7EA7-1D6455C7EBAA}.Debug|Any CPU.Build.0 = Debug|Any CPU
		{F651CB5E-BEB9-20DF-7EA7-1D6455C7EBAA}.Release|Any CPU.ActiveCfg = Release|Any CPU
		{F651CB5E-BEB9-20DF-7EA7-1D6455C7EBAA}.Release|Any CPU.Build.0 = Release|Any CPU
		{94658515-15D3-12CB-F7FB-404B629B1349}.Debug|Any CPU.ActiveCfg = Debug|Any CPU
		{94658515-15D3-12CB-F7FB-404B629B1349}.Debug|Any CPU.Build.0 = Debug|Any CPU
		{94658515-15D3-12CB-F7FB-404B629B1349}.Release|Any CPU.ActiveCfg = Release|Any CPU
		{94658515-15D3-12CB-F7FB-404B629B1349}.Release|Any CPU.Build.0 = Release|Any CPU
	EndGlobalSection
	GlobalSection(SolutionProperties) = preSolution
		HideSolutionNode = FALSE
	EndGlobalSection
	GlobalSection(MonoDevelopProperties) = preSolution
		StartupItem = Assembly-CSharp.csproj
	EndGlobalSection
EndGlobal
